
Microsoft Visual Studio Solution File, Format Version 12.00
# Visual Studio Version 16
VisualStudioVersion = 16.0.29009.5
MinimumVisualStudioVersion = 10.0.40219.1
Project("{FAE04EC0-301F-11D3-BF4B-00C04F79EFBC}") = "HcscCommonXcba", "HcscCommonXcba\HcscCommonXcba.csproj", "{3BCC0B0B-531C-494F-8EF8-C47C2882567E}"
EndProject
Global
	GlobalSection(SolutionConfigurationPlatforms) = preSolution
		Debug|Any CPU = Debug|Any CPU
		Release|Any CPU = Release|Any CPU
	EndGlobalSection
	GlobalSection(ProjectConfigurationPlatforms) = postSolution
		{3BCC0B0B-531C-494F-8EF8-C47C2882567E}.Debug|Any CPU.ActiveCfg = Debug|Any CPU
		{3BCC0B0B-531C-494F-8EF8-C47C2882567E}.Debug|Any CPU.Build.0 = Debug|Any CPU
		{3BCC0B0B-531C-494F-8EF8-C47C2882567E}.Release|Any CPU.ActiveCfg = Release|Any CPU
		{3BCC0B0B-531C-494F-8EF8-C47C2882567E}.Release|Any CPU.Build.0 = Release|Any CPU
	EndGlobalSection
	GlobalSection(SolutionProperties) = preSolution
		HideSolutionNode = FALSE
	EndGlobalSection
	GlobalSection(ExtensibilityGlobals) = postSolution
		SolutionGuid = {CEE84CD7-F059-40A3-A93B-7B5F627B910E}
	EndGlobalSection
EndGlobal
